
Microsoft Visual Studio Solution File, Format Version 12.00
# Visual Studio 15
VisualStudioVersion = 15.0.27130.2036
MinimumVisualStudioVersion = 10.0.40219.1
Project("{FAE04EC0-301F-11D3-BF4B-00C04F79EFBC}") = "ITHelpDeskSystem", "ITHelpDeskSystem\ITHelpDeskSystem.csproj", "{91E0FFEF-40DE-4F70-ABCA-50257C638523}"
EndProject
Global
	GlobalSection(SolutionConfigurationPlatforms) = preSolution
		Debug|Any CPU = Debug|Any CPU
		Release|Any CPU = Release|Any CPU
	EndGlobalSection
	GlobalSection(ProjectConfigurationPlatforms) = postSolution
		{91E0FFEF-40DE-4F70-ABCA-50257C638523}.Debug|Any CPU.ActiveCfg = Debug|Any CPU
		{91E0FFEF-40DE-4F70-ABCA-50257C638523}.Debug|Any CPU.Build.0 = Debug|Any CPU
		{91E0FFEF-40DE-4F70-ABCA-50257C638523}.Release|Any CPU.ActiveCfg = Release|Any CPU
		{91E0FFEF-40DE-4F70-ABCA-50257C638523}.Release|Any CPU.Build.0 = Release|Any CPU
	EndGlobalSection
	GlobalSection(SolutionProperties) = preSolution
		HideSolutionNode = FALSE
	EndGlobalSection
	GlobalSection(ExtensibilityGlobals) = postSolution
		SolutionGuid = {804E6A55-FDB0-4192-8B75-1E5FC6EDBD0C}
	EndGlobalSection
EndGlobal
